Microsoft Visual Studio Solution File, Format Version 11.00
# Visual Studio 2008

Project("{FFFA8D8F-79D9-2C78-8F02-5097FD1B9216}") = "RealisticEvolution", "Assembly-CSharp.csproj", "{0ACE80D1-82C6-7D2B-1242-BEF59B73DB12}"
EndProject
Global
	GlobalSection(SolutionConfigurationPlatforms) = preSolution
		Debug|Any CPU = Debug|Any CPU
		Release|Any CPU = Release|Any CPU
	EndGlobalSection
	GlobalSection(ProjectConfigurationPlatforms) = postSolution
		{0ACE80D1-82C6-7D2B-1242-BEF59B73DB12}.Debug|Any CPU.ActiveCfg = Debug|Any CPU
		{0ACE80D1-82C6-7D2B-1242-BEF59B73DB12}.Debug|Any CPU.Build.0 = Debug|Any CPU
		{0ACE80D1-82C6-7D2B-1242-BEF59B73DB12}.Release|Any CPU.ActiveCfg = Release|Any CPU
		{0ACE80D1-82C6-7D2B-1242-BEF59B73DB12}.Release|Any CPU.Build.0 = Release|Any CPU
	EndGlobalSection
	GlobalSection(SolutionProperties) = preSolution
		HideSolutionNode = FALSE
	EndGlobalSection
	GlobalSection(MonoDevelopProperties) = preSolution
		StartupItem = Assembly-CSharp.csproj
	EndGlobalSection
EndGlobal
